// !$*UTF8*$!
{
	archiveVersion = 1;
	classes = {
	};
	objectVersion = 50;
	objects = {

/* Begin PBXBuildFile section */
		62496FAC221D219600618A40 /* Assets.xcassets in Resources */ = {isa = PBXBuildFile; fileRef = 62496FAB221D219600618A40 /* Assets.xcassets */; };
		62496FB3221D219600618A40 /* SwiftyMsgs MessagesExtension.appex in Embed App Extensions */ = {isa = PBXBuildFile; fileRef = 62496FB2221D219600618A40 /* SwiftyMsgs MessagesExtension.appex */; settings = {ATTRIBUTES = (RemoveHeadersOnCopy, ); }; };
		62496FB8221D219600618A40 /* Messages.framework in Frameworks */ = {isa = PBXBuildFile; fileRef = 62496FB7221D219600618A40 /* Messages.framework */; };
		62496FBB221D219600618A40 /* MessagesViewController.swift in Sources */ = {isa = PBXBuildFile; fileRef = 62496FBA221D219600618A40 /* MessagesViewController.swift */; };
		62496FBE221D219600618A40 /* MainInterface.storyboard in Resources */ = {isa = PBXBuildFile; fileRef = 62496FBC221D219600618A40 /* MainInterface.storyboard */; };
		62496FC0221D219700618A40 /* Assets.xcassets in Resources */ = {isa = PBXBuildFile; fileRef = 62496FBF221D219700618A40 /* Assets.xcassets */; };
/* End PBXBuildFile section */

/* Begin PBXContainerItemProxy section */
		62496FB4221D219600618A40 /* PBXContainerItemProxy */ = {
			isa = PBXContainerItemProxy;
			containerPortal = 62496FA2221D219300618A40 /* Project object */;
			proxyType = 1;
			remoteGlobalIDString = 62496FB1221D219600618A40;
			remoteInfo = "SwiftyMsgs MessagesExtension";
		};
/* End PBXContainerItemProxy section */

/* Begin PBXCopyFilesBuildPhase section */
		62496FC7221D219700618A40 /* Embed App Extensions */ = {
			isa = PBXCopyFilesBuildPhase;
			buildActionMask = 2147483647;
			dstPath = "";
			dstSubfolderSpec = 13;
			files = (
				62496FB3221D219600618A40 /* SwiftyMsgs MessagesExtension.appex in Embed App Extensions */,
			);
			name = "Embed App Extensions";
			runOnlyForDeploymentPostprocessing = 0;
		};
/* End PBXCopyFilesBuildPhase section */

/* Begin PBXFileReference section */
		62496FA8221D219300618A40 /* SwiftyMsgs.app */ = {isa = PBXFileReference; explicitFileType = wrapper.application; includeInIndex = 0; path = SwiftyMsgs.app; sourceTree = BUILT_PRODUCTS_DIR; };
		62496FAB221D219600618A40 /* Assets.xcassets */ = {isa = PBXFileReference; lastKnownFileType = folder.assetcatalog; path = Assets.xcassets; sourceTree = "<group>"; };
		62496FAD221D219600618A40 /* Info.plist */ = {isa = PBXFileReference; lastKnownFileType = text.plist.xml; path = Info.plist; sourceTree = "<group>"; };
		62496FB2221D219600618A40 /* SwiftyMsgs MessagesExtension.appex */ = {isa = PBXFileReference; explicitFileType = "wrapper.app-extension"; includeInIndex = 0; path = "SwiftyMsgs MessagesExtension.appex"; sourceTree = BUILT_PRODUCTS_DIR; };
		62496FB7221D219600618A40 /* Messages.framework */ = {isa = PBXFileReference; lastKnownFileType = wrapper.framework; name = Messages.framework; path = System/Library/Frameworks/Messages.framework; sourceTree = SDKROOT; };
		62496FBA221D219600618A40 /* MessagesViewController.swift */ = {isa = PBXFileReference; lastKnownFileType = sourcecode.swift; path = MessagesViewController.swift; sourceTree = "<group>"; };
		62496FBD221D219600618A40 /* Base */ = {isa = PBXFileReference; lastKnownFileType = file.storyboard; name = Base; path = Base.lproj/MainInterface.storyboard; sourceTree = "<group>"; };
		62496FBF221D219700618A40 /* Assets.xcassets */ = {isa = PBXFileReference; lastKnownFileType = folder.assetcatalog; path = Assets.xcassets; sourceTree = "<group>"; };
		62496FC1221D219700618A40 /* Info.plist */ = {isa = PBXFileReference; lastKnownFileType = text.plist.xml; path = Info.plist; sourceTree = "<group>"; };
/* End PBXFileReference section */

/* Begin PBXFrameworksBuildPhase section */
		62496FAF221D219600618A40 /* Frameworks */ = {
			isa = PBXFrameworksBuildPhase;
			buildActionMask = 2147483647;
			files = (
				62496FB8221D219600618A40 /* Messages.framework in Frameworks */,
			);
			runOnlyForDeploymentPostprocessing = 0;
		};
/* End PBXFrameworksBuildPhase section */

/* Begin PBXGroup section */
		62496FA1221D219300618A40 = {
			isa = PBXGroup;
			children = (
				62496FAA221D219300618A40 /* SwiftyMsgs */,
				62496FB9221D219600618A40 /* SwiftyMsgs MessagesExtension */,
				62496FB6221D219600618A40 /* Frameworks */,
				62496FA9221D219300618A40 /* Products */,
			);
			sourceTree = "<group>";
		};
		62496FA9221D219300618A40 /* Products */ = {
			isa = PBXGroup;
			children = (
				62496FA8221D219300618A40 /* SwiftyMsgs.app */,
				62496FB2221D219600618A40 /* SwiftyMsgs MessagesExtension.appex */,
			);
			name = Products;
			sourceTree = "<group>";
		};
		62496FAA221D219300618A40 /* SwiftyMsgs */ = {
			isa = PBXGroup;
			children = (
				62496FAB221D219600618A40 /* Assets.xcassets */,
				62496FAD221D219600618A40 /* Info.plist */,
			);
			path = SwiftyMsgs;
			sourceTree = "<group>";
		};
		62496FB6221D219600618A40 /* Frameworks */ = {
			isa = PBXGroup;
			children = (
				62496FB7221D219600618A40 /* Messages.framework */,
			);
			name = Frameworks;
			sourceTree = "<group>";
		};
		62496FB9221D219600618A40 /* SwiftyMsgs MessagesExtension */ = {
			isa = PBXGroup;
			children = (
				62496FBA221D219600618A40 /* MessagesViewController.swift */,
				62496FBC221D219600618A40 /* MainInterface.storyboard */,
				62496FBF221D219700618A40 /* Assets.xcassets */,
				62496FC1221D219700618A40 /* Info.plist */,
			);
			path = "SwiftyMsgs MessagesExtension";
			sourceTree = "<group>";
		};
/* End PBXGroup section */

/* Begin PBXNativeTarget section */
		62496FA7221D219300618A40 /* SwiftyMsgs */ = {
			isa = PBXNativeTarget;
			buildConfigurationList = 62496FC8221D219700618A40 /* Build configuration list for PBXNativeTarget "SwiftyMsgs" */;
			buildPhases = (
				62496FA6221D219300618A40 /* Resources */,
				62496FC7221D219700618A40 /* Embed App Extensions */,
			);
			buildRules = (
			);
			dependencies = (
				62496FB5221D219600618A40 /* PBXTargetDependency */,
			);
			name = SwiftyMsgs;
			productName = SwiftyMsgs;
			productReference = 62496FA8221D219300618A40 /* SwiftyMsgs.app */;
			productType = "com.apple.product-type.application.messages";
		};
		62496FB1221D219600618A40 /* SwiftyMsgs MessagesExtension */ = {
			isa = PBXNativeTarget;
			buildConfigurationList = 62496FC4221D219700618A40 /* Build configuration list for PBXNativeTarget "SwiftyMsgs MessagesExtension" */;
			buildPhases = (
				62496FAE221D219600618A40 /* Sources */,
				62496FAF221D219600618A40 /* Frameworks */,
				62496FB0221D219600618A40 /* Resources */,
			);
			buildRules = (
			);
			dependencies = (
			);
			name = "SwiftyMsgs MessagesExtension";
			productName = "SwiftyMsgs MessagesExtension";
			productReference = 62496FB2221D219600618A40 /* SwiftyMsgs MessagesExtension.appex */;
			productType = "com.apple.product-type.app-extension.messages";
		};
/* End PBXNativeTarget section */

/* Begin PBXProject section */
		62496FA2221D219300618A40 /* Project object */ = {
			isa = PBXProject;
			attributes = {
				LastSwiftUpdateCheck = 0940;
				LastUpgradeCheck = 0940;
				ORGANIZATIONNAME = "Sheeyam Shellvacumar";
				TargetAttributes = {
					62496FA7221D219300618A40 = {
						CreatedOnToolsVersion = 9.4.1;
					};
					62496FB1221D219600618A40 = {
						CreatedOnToolsVersion = 9.4.1;
					};
				};
			};
			buildConfigurationList = 62496FA5221D219300618A40 /* Build configuration list for PBXProject "SwiftyMsgs" */;
			compatibilityVersion = "Xcode 9.3";
			developmentRegion = en;
			hasScannedForEncodings = 0;
			knownRegions = (
				en,
				Base,
			);
			mainGroup = 62496FA1221D219300618A40;
			productRefGroup = 62496FA9221D219300618A40 /* Products */;
			projectDirPath = "";
			projectRoot = "";
			targets = (
				62496FA7221D219300618A40 /* SwiftyMsgs */,
				62496FB1221D219600618A40 /* SwiftyMsgs MessagesExtension */,
			);
		};
/* End PBXProject section */

/* Begin PBXResourcesBuildPhase section */
		62496FA6221D219300618A40 /* Resources */ = {
			isa = PBXResourcesBuildPhase;
			buildActionMask = 2147483647;
			files = (
				62496FAC221D219600618A40 /* Assets.xcassets in Resources */,
			);
			runOnlyForDeploymentPostprocessing = 0;
		};
		62496FB0221D219600618A40 /* Resources */ = {
			isa = PBXResourcesBuildPhase;
			buildActionMask = 2147483647;
			files = (
				62496FC0221D219700618A40 /* Assets.xcassets in Resources */,
				62496FBE221D219600618A40 /* MainInterface.storyboard in Resources */,
			);
			runOnlyForDeploymentPostprocessing = 0;
		};
/* End PBXResourcesBuildPhase section */

/* Begin PBXSourcesBuildPhase section */
		62496FAE221D219600618A40 /* Sources */ = {
			isa = PBXSourcesBuildPhase;
			buildActionMask = 2147483647;
			files = (
				62496FBB221D219600618A40 /* MessagesViewController.swift in Sources */,
			);
			runOnlyForDeploymentPostprocessing = 0;
		};
/* End PBXSourcesBuildPhase section */

/* Begin PBXTargetDependency section */
		62496FB5221D219600618A40 /* PBXTargetDependency */ = {
			isa = PBXTargetDependency;
			target = 62496FB1221D219600618A40 /* SwiftyMsgs MessagesExtension */;
			targetProxy = 62496FB4221D219600618A40 /* PBXContainerItemProxy */;
		};
/* End PBXTargetDependency section */

/* Begin PBXVariantGroup section */
		62496FBC221D219600618A40 /* MainInterface.storyboard */ = {
			isa = PBXVariantGroup;
			children = (
				62496FBD221D219600618A40 /* Base */,
			);
			name = MainInterface.storyboard;
			sourceTree = "<group>";
		};
/* End PBXVariantGroup section */

/* Begin XCBuildConfiguration section */
		62496FC2221D219700618A40 /* Debug */ = {
			isa = XCBuildConfiguration;
			buildSettings = {
				ALWAYS_SEARCH_USER_PATHS = NO;
				CLANG_ANALYZER_NONNULL = YES;
				CLANG_ANALYZER_NUMBER_OBJECT_CONVERSION = YES_AGGRESSIVE;
				CLANG_CXX_LANGUAGE_STANDARD = "gnu++14";
				CLANG_CXX_LIBRARY = "libc++";
				CLANG_ENABLE_MODULES = YES;
				CLANG_ENABLE_OBJC_ARC = YES;
				CLANG_ENABLE_OBJC_WEAK = YES;
				CLANG_WARN_BLOCK_CAPTURE_AUTORELEASING = YES;
				CLANG_WARN_BOOL_CONVERSION = YES;
				CLANG_WARN_COMMA = YES;
				CLANG_WARN_CONSTANT_CONVERSION = YES;
				CLANG_WARN_DEPRECATED_OBJC_IMPLEMENTATIONS = YES;
				CLANG_WARN_DIRECT_OBJC_ISA_USAGE = YES_ERROR;
				CLANG_WARN_DOCUMENTATION_COMMENTS = YES;
				CLANG_WARN_EMPTY_BODY = YES;
				CLANG_WARN_ENUM_CONVERSION = YES;
				CLANG_WARN_INFINITE_RECURSION = YES;
				CLANG_WARN_INT_CONVERSION = YES;
				CLANG_WARN_NON_LITERAL_NULL_CONVERSION = YES;
				CLANG_WARN_OBJC_IMPLICIT_RETAIN_SELF = YES;
				CLANG_WARN_OBJC_LITERAL_CONVERSION = YES;
				CLANG_WARN_OBJC_ROOT_CLASS = YES_ERROR;
				CLANG_WARN_RANGE_LOOP_ANALYSIS = YES;
				CLANG_WARN_STRICT_PROTOTYPES = YES;
				CLANG_WARN_SUSPICIOUS_MOVE = YES;
				CLANG_WARN_UNGUARDED_AVAILABILITY = YES_AGGRESSIVE;
				CLANG_WARN_UNREACHABLE_CODE = YES;
				CLANG_WARN__DUPLICATE_METHOD_MATCH = YES;
				CODE_SIGN_IDENTITY = "iPhone Developer";
				COPY_PHASE_STRIP = NO;
				DEBUG_INFORMATION_FORMAT = dwarf;
				ENABLE_STRICT_OBJC_MSGSEND = YES;
				ENABLE_TESTABILITY = YES;
				GCC_C_LANGUAGE_STANDARD = gnu11;
				GCC_DYNAMIC_NO_PIC = NO;
				GCC_NO_COMMON_BLOCKS = YES;
				GCC_OPTIMIZATION_LEVEL = 0;
				GCC_PREPROCESSOR_DEFINITIONS = (
					"DEBUG=1",
					"$(inherited)",
				);
				GCC_WARN_64_TO_32_BIT_CONVERSION = YES;
				GCC_WARN_ABOUT_RETURN_TYPE = YES_ERROR;
				GCC_WARN_UNDECLARED_SELECTOR = YES;
				GCC_WARN_UNINITIALIZED_AUTOS = YES_AGGRESSIVE;
				GCC_WARN_UNUSED_FUNCTION = YES;
				GCC_WARN_UNUSED_VARIABLE = YES;
				IPHONEOS_DEPLOYMENT_TARGET = 11.4;
				MTL_ENABLE_DEBUG_INFO = YES;
				ONLY_ACTIVE_ARCH = YES;
				SDKROOT = iphoneos;
				SWIFT_ACTIVE_COMPILATION_CONDITIONS = DEBUG;
				SWIFT_OPTIMIZATION_LEVEL = "-Onone";
			};
			name = Debug;
		};
		62496FC3221D219700618A40 /* Release */ = {
			isa = XCBuildConfiguration;
			buildSettings = {
				ALWAYS_SEARCH_USER_PATHS = NO;
				CLANG_ANALYZER_NONNULL = YES;
				CLANG_ANALYZER_NUMBER_OBJECT_CONVERSION = YES_AGGRESSIVE;
				CLANG_CXX_LANGUAGE_STANDARD = "gnu++14";
				CLANG_CXX_LIBRARY = "libc++";
				CLANG_ENABLE_MODULES = YES;
				CLANG_ENABLE_OBJC_ARC = YES;
				CLANG_ENABLE_OBJC_WEAK = YES;
				CLANG_WARN_BLOCK_CAPTURE_AUTORELEASING = YES;
				CLANG_WARN_BOOL_CONVERSION = YES;
				CLANG_WARN_COMMA = YES;
				CLANG_WARN_CONSTANT_CONVERSION = YES;
				CLANG_WARN_DEPRECATED_OBJC_IMPLEMENTATIONS = YES;
				CLANG_WARN_DIRECT_OBJC_ISA_USAGE = YES_ERROR;
				CLANG_WARN_DOCUMENTATION_COMMENTS = YES;
				CLANG_WARN_EMPTY_BODY = YES;
				CLANG_WARN_ENUM_CONVERSION = YES;
				CLANG_WARN_INFINITE_RECURSION = YES;
				CLANG_WARN_INT_CONVERSION = YES;
				CLANG_WARN_NON_LITERAL_NULL_CONVERSION = YES;
				CLANG_WARN_OBJC_IMPLICIT_RETAIN_SELF = YES;
				CLANG_WARN_OBJC_LITERAL_CONVERSION = YES;
				CLANG_WARN_OBJC_ROOT_CLASS = YES_ERROR;
				CLANG_WARN_RANGE_LOOP_ANALYSIS = YES;
				CLANG_WARN_STRICT_PROTOTYPES = YES;
				CLANG_WARN_SUSPICIOUS_MOVE = YES;
				CLANG_WARN_UNGUARDED_AVAILABILITY = YES_AGGRESSIVE;
				CLANG_WARN_UNREACHABLE_CODE = YES;
				CLANG_WARN__DUPLICATE_METHOD_MATCH = YES;
				CODE_SIGN_IDENTITY = "iPhone Developer";
				COPY_PHASE_STRIP = NO;
				DEBUG_INFORMATION_FORMAT = "dwarf-with-dsym";
				ENABLE_NS_ASSERTIONS = NO;
				ENABLE_STRICT_OBJC_MSGSEND = YES;
				GCC_C_LANGUAGE_STANDARD = gnu11;
				GCC_NO_COMMON_BLOCKS = YES;
				GCC_WARN_64_TO_32_BIT_CONVERSION = YES;
				GCC_WARN_ABOUT_RETURN_TYPE = YES_ERROR;
				GCC_WARN_UNDECLARED_SELECTOR = YES;
				GCC_WARN_UNINITIALIZED_AUTOS = YES_AGGRESSIVE;
				GCC_WARN_UNUSED_FUNCTION = YES;
				GCC_WARN_UNUSED_VARIABLE = YES;
				IPHONEOS_DEPLOYMENT_TARGET = 11.4;
				MTL_ENABLE_DEBUG_INFO = NO;
				SDKROOT = iphoneos;
				SWIFT_COMPILATION_MODE = wholemodule;
				SWIFT_OPTIMIZATION_LEVEL = "-O";
				VALIDATE_PRODUCT = YES;
			};
			name = Release;
		};
		62496FC5221D219700618A40 /* Debug */ = {
			isa = XCBuildConfiguration;
			buildSettings = {
				ASSETCATALOG_COMPILER_APPICON_NAME = "iMessage App Icon";
				CODE_SIGN_STYLE = Automatic;
				DEVELOPMENT_TEAM = VN35ATD3NS;
				INFOPLIST_FILE = "SwiftyMsgs MessagesExtension/Info.plist";
				LD_RUNPATH_SEARCH_PATHS = (
					"$(inherited)",
					"@executable_path/Frameworks",
					"@executable_path/../../Frameworks",
				);
				PRODUCT_BUNDLE_IDENTIFIER = com.sheeyam.SwiftyMsgs.MessagesExtension;
				PRODUCT_NAME = "$(TARGET_NAME)";
				SKIP_INSTALL = YES;
				SWIFT_VERSION = 4.0;
				TARGETED_DEVICE_FAMILY = "1,2";
			};
			name = Debug;
		};
		62496FC6221D219700618A40 /* Release */ = {
			isa = XCBuildConfiguration;
			buildSettings = {
				ASSETCATALOG_COMPILER_APPICON_NAME = "iMessage App Icon";
				CODE_SIGN_STYLE = Automatic;
				DEVELOPMENT_TEAM = VN35ATD3NS;
				INFOPLIST_FILE = "SwiftyMsgs MessagesExtension/Info.plist";
				LD_RUNPATH_SEARCH_PATHS = (
					"$(inherited)",
					"@executable_path/Frameworks",
					"@executable_path/../../Frameworks",
				);
				PRODUCT_BUNDLE_IDENTIFIER = com.sheeyam.SwiftyMsgs.MessagesExtension;
				PRODUCT_NAME = "$(TARGET_NAME)";
				SKIP_INSTALL = YES;
				SWIFT_VERSION = 4.0;
				TARGETED_DEVICE_FAMILY = "1,2";
			};
			name = Release;
		};
		62496FC9221D219700618A40 /* Debug */ = {
			isa = XCBuildConfiguration;
			buildSettings = {
				ALWAYS_EMBED_SWIFT_STANDARD_LIBRARIES = YES;
				ASSETCATALOG_COMPILER_APPICON_NAME = AppIcon;
				CODE_SIGN_STYLE = Automatic;
				DEVELOPMENT_TEAM = VN35ATD3NS;
				INFOPLIST_FILE = SwiftyMsgs/Info.plist;
				PRODUCT_BUNDLE_IDENTIFIER = com.sheeyam.SwiftyMsgs;
				PRODUCT_NAME = "$(TARGET_NAME)";
				SWIFT_VERSION = 4.0;
				TARGETED_DEVICE_FAMILY = "1,2";
			};
			name = Debug;
		};
		62496FCA221D219700618A40 /* Release */ = {
			isa = XCBuildConfiguration;
			buildSettings = {
				ALWAYS_EMBED_SWIFT_STANDARD_LIBRARIES = YES;
				ASSETCATALOG_COMPILER_APPICON_NAME = AppIcon;
				CODE_SIGN_STYLE = Automatic;
				DEVELOPMENT_TEAM = VN35ATD3NS;
				INFOPLIST_FILE = SwiftyMsgs/Info.plist;
				PRODUCT_BUNDLE_IDENTIFIER = com.sheeyam.SwiftyMsgs;
				PRODUCT_NAME = "$(TARGET_NAME)";
				SWIFT_VERSION = 4.0;
				TARGETED_DEVICE_FAMILY = "1,2";
			};
			name = Release;
		};
/* End XCBuildConfiguration section */

/* Begin XCConfigurationList section */
		62496FA5221D219300618A40 /* Build configuration list for PBXProject "SwiftyMsgs" */ = {
			isa = XCConfigurationList;
			buildConfigurations = (
				62496FC2221D219700618A40 /* Debug */,
				62496FC3221D219700618A40 /* Release */,
			);
			defaultConfigurationIsVisible = 0;
			defaultConfigurationName = Release;
		};
		62496FC4221D219700618A40 /* Build configuration list for PBXNativeTarget "SwiftyMsgs MessagesExtension" */ = {
			isa = XCConfigurationList;
			buildConfigurations = (
				62496FC5221D219700618A40 /* Debug */,
				62496FC6221D219700618A40 /* Release */,
			);
			defaultConfigurationIsVisible = 0;
			defaultConfigurationName = Release;
		};
		62496FC8221D219700618A40 /* Build configuration list for PBXNativeTarget "SwiftyMsgs" */ = {
			isa = XCConfigurationList;
			buildConfigurations = (
				62496FC9221D219700618A40 /* Debug */,
				62496FCA221D219700618A40 /* Release */,
			);
			defaultConfigurationIsVisible = 0;
			defaultConfigurationName = Release;
		};
/* End XCConfigurationList section */
	};
	rootObject = 62496FA2221D219300618A40 /* Project object */;
}
